// !$*UTF8*$!
{
	archiveVersion = 1;
	classes = {
	};
	objectVersion = 77;
	objects = {

/* Begin PBXBuildFile section */
		9BE165D42DFF62DC00F98583 /* XCoordinator in Frameworks */ = {isa = PBXBuildFile; productRef = 9BE165D32DFF62DC00F98583 /* XCoordinator */; };
		9BE1674C2E00122D00F98583 /* SnapKit in Frameworks */ = {isa = PBXBuildFile; productRef = 9BE1674B2E00122D00F98583 /* SnapKit */; };
		9BE167502E0015A200F98583 /* ApphudSDK in Frameworks */ = {isa = PBXBuildFile; productRef = 9BE1674F2E0015A200F98583 /* ApphudSDK */; };
		9BE167532E00167B00F98583 /* AppsFlyerLib in Frameworks */ = {isa = PBXBuildFile; productRef = 9BE167522E00167B00F98583 /* AppsFlyerLib */; };
		9BE167562E0017A500F98583 /* AmplitudeSwift in Frameworks */ = {isa = PBXBuildFile; productRef = 9BE167552E0017A500F98583 /* AmplitudeSwift */; };
		9BE1675B2E001E1B00F98583 /* FirebaseAnalytics in Frameworks */ = {isa = PBXBuildFile; productRef = 9BE1675A2E001E1B00F98583 /* FirebaseAnalytics */; };
		9BE1675D2E001E1B00F98583 /* FirebaseAnalyticsCore in Frameworks */ = {isa = PBXBuildFile; productRef = 9BE1675C2E001E1B00F98583 /* FirebaseAnalyticsCore */; };
		9BE1675F2E001E1B00F98583 /* FirebaseAnalyticsOnDeviceConversion in Frameworks */ = {isa = PBXBuildFile; productRef = 9BE1675E2E001E1B00F98583 /* FirebaseAnalyticsOnDeviceConversion */; };
		9BE167612E001E1B00F98583 /* FirebaseCore in Frameworks */ = {isa = PBXBuildFile; productRef = 9BE167602E001E1B00F98583 /* FirebaseCore */; };
		9BE167632E001E1B00F98583 /* FirebaseCrashlytics in Frameworks */ = {isa = PBXBuildFile; productRef = 9BE167622E001E1B00F98583 /* FirebaseCrashlytics */; };
		9BE167652E001E1B00F98583 /* FirebaseDatabase in Frameworks */ = {isa = PBXBuildFile; productRef = 9BE167642E001E1B00F98583 /* FirebaseDatabase */; };
		9BE167672E001E1B00F98583 /* FirebaseMessaging in Frameworks */ = {isa = PBXBuildFile; productRef = 9BE167662E001E1B00F98583 /* FirebaseMessaging */; };
		9BE167692E001E1B00F98583 /* FirebaseRemoteConfig in Frameworks */ = {isa = PBXBuildFile; productRef = 9BE167682E001E1B00F98583 /* FirebaseRemoteConfig */; };
		9BE1676B2E001E1B00F98583 /* FirebaseStorage in Frameworks */ = {isa = PBXBuildFile; productRef = 9BE1676A2E001E1B00F98583 /* FirebaseStorage */; };
		9BE16A682E00609200F98583 /* SPAlert in Frameworks */ = {isa = PBXBuildFile; productRef = 9BE16A672E00609200F98583 /* SPAlert */; };
		9BE16A962E006ABF00F98583 /* Lottie in Frameworks */ = {isa = PBXBuildFile; productRef = 9BE16A952E006ABF00F98583 /* Lottie */; };
		9BE16A992E006DFE00F98583 /* DeviceKit in Frameworks */ = {isa = PBXBuildFile; productRef = 9BE16A982E006DFE00F98583 /* DeviceKit */; };
		9BE16A9C2E006EFB00F98583 /* SkeletonView in Frameworks */ = {isa = PBXBuildFile; productRef = 9BE16A9B2E006EFB00F98583 /* SkeletonView */; };
		9BE16AA52E008E4400F98583 /* KeychainSwift in Frameworks */ = {isa = PBXBuildFile; productRef = 9BE16AA42E008E4400F98583 /* KeychainSwift */; };
		9BE16AAE2E0307E300F98583 /* Moya in Frameworks */ = {isa = PBXBuildFile; productRef = 9BE16AAD2E0307E300F98583 /* Moya */; };
		9BE16AC62E03093B00F98583 /* FirebaseAppCheck in Frameworks */ = {isa = PBXBuildFile; productRef = 9BE16AC52E03093B00F98583 /* FirebaseAppCheck */; };
/* End PBXBuildFile section */

/* Begin PBXFileReference section */
		9BE165B52DFF3A9800F98583 /* foldlybrowser.app */ = {isa = PBXFileReference; explicitFileType = wrapper.application; includeInIndex = 0; path = foldlybrowser.app; sourceTree = BUILT_PRODUCTS_DIR; };
/* End PBXFileReference section */

/* Begin PBXFileSystemSynchronizedBuildFileExceptionSet section */
		9BE165C72DFF3A9900F98583 /* Exceptions for "foldlybrowser" folder in "foldlybrowser" target */ = {
			isa = PBXFileSystemSynchronizedBuildFileExceptionSet;
			membershipExceptions = (
				Info.plist,
			);
			target = 9BE165B42DFF3A9800F98583 /* foldlybrowser */;
		};
/* End PBXFileSystemSynchronizedBuildFileExceptionSet section */

/* Begin PBXFileSystemSynchronizedRootGroup section */
		9BE165B72DFF3A9800F98583 /* foldlybrowser */ = {
			isa = PBXFileSystemSynchronizedRootGroup;
			exceptions = (
				9BE165C72DFF3A9900F98583 /* Exceptions for "foldlybrowser" folder in "foldlybrowser" target */,
			);
			path = foldlybrowser;
			sourceTree = "<group>";
		};
/* End PBXFileSystemSynchronizedRootGroup section */

/* Begin PBXFrameworksBuildPhase section */
		9BE165B22DFF3A9800F98583 /* Frameworks */ = {
			isa = PBXFrameworksBuildPhase;
			buildActionMask = 2147483647;
			files = (
				9BE167672E001E1B00F98583 /* FirebaseMessaging in Frameworks */,
				9BE167502E0015A200F98583 /* ApphudSDK in Frameworks */,
				9BE167532E00167B00F98583 /* AppsFlyerLib in Frameworks */,
				9BE1675B2E001E1B00F98583 /* FirebaseAnalytics in Frameworks */,
				9BE16AC62E03093B00F98583 /* FirebaseAppCheck in Frameworks */,
				9BE16AA52E008E4400F98583 /* KeychainSwift in Frameworks */,
				9BE16A992E006DFE00F98583 /* DeviceKit in Frameworks */,
				9BE165D42DFF62DC00F98583 /* XCoordinator in Frameworks */,
				9BE167562E0017A500F98583 /* AmplitudeSwift in Frameworks */,
				9BE16A682E00609200F98583 /* SPAlert in Frameworks */,
				9BE16A962E006ABF00F98583 /* Lottie in Frameworks */,
				9BE1675D2E001E1B00F98583 /* FirebaseAnalyticsCore in Frameworks */,
				9BE1674C2E00122D00F98583 /* SnapKit in Frameworks */,
				9BE167632E001E1B00F98583 /* FirebaseCrashlytics in Frameworks */,
				9BE167652E001E1B00F98583 /* FirebaseDatabase in Frameworks */,
				9BE167692E001E1B00F98583 /* FirebaseRemoteConfig in Frameworks */,
				9BE1676B2E001E1B00F98583 /* FirebaseStorage in Frameworks */,
				9BE167612E001E1B00F98583 /* FirebaseCore in Frameworks */,
				9BE16A9C2E006EFB00F98583 /* SkeletonView in Frameworks */,
				9BE16AAE2E0307E300F98583 /* Moya in Frameworks */,
				9BE1675F2E001E1B00F98583 /* FirebaseAnalyticsOnDeviceConversion in Frameworks */,
			);
			runOnlyForDeploymentPostprocessing = 0;
		};
/* End PBXFrameworksBuildPhase section */

/* Begin PBXGroup section */
		9BE165AC2DFF3A9800F98583 = {
			isa = PBXGroup;
			children = (
				9BE165B72DFF3A9800F98583 /* foldlybrowser */,
				9BE165B62DFF3A9800F98583 /* Products */,
			);
			sourceTree = "<group>";
		};
		9BE165B62DFF3A9800F98583 /* Products */ = {
			isa = PBXGroup;
			children = (
				9BE165B52DFF3A9800F98583 /* foldlybrowser.app */,
			);
			name = Products;
			sourceTree = "<group>";
		};
/* End PBXGroup section */

/* Begin PBXNativeTarget section */
		9BE165B42DFF3A9800F98583 /* foldlybrowser */ = {
			isa = PBXNativeTarget;
			buildConfigurationList = 9BE165C82DFF3A9900F98583 /* Build configuration list for PBXNativeTarget "foldlybrowser" */;
			buildPhases = (
				9BE165B12DFF3A9800F98583 /* Sources */,
				9BE165B22DFF3A9800F98583 /* Frameworks */,
				9BE165B32DFF3A9800F98583 /* Resources */,
			);
			buildRules = (
			);
			dependencies = (
			);
			fileSystemSynchronizedGroups = (
				9BE165B72DFF3A9800F98583 /* foldlybrowser */,
			);
			name = foldlybrowser;
			packageProductDependencies = (
				9BE165D32DFF62DC00F98583 /* XCoordinator */,
				9BE1674B2E00122D00F98583 /* SnapKit */,
				9BE1674F2E0015A200F98583 /* ApphudSDK */,
				9BE167522E00167B00F98583 /* AppsFlyerLib */,
				9BE167552E0017A500F98583 /* AmplitudeSwift */,
				9BE1675A2E001E1B00F98583 /* FirebaseAnalytics */,
				9BE1675C2E001E1B00F98583 /* FirebaseAnalyticsCore */,
				9BE1675E2E001E1B00F98583 /* FirebaseAnalyticsOnDeviceConversion */,
				9BE167602E001E1B00F98583 /* FirebaseCore */,
				9BE167622E001E1B00F98583 /* FirebaseCrashlytics */,
				9BE167642E001E1B00F98583 /* FirebaseDatabase */,
				9BE167662E001E1B00F98583 /* FirebaseMessaging */,
				9BE167682E001E1B00F98583 /* FirebaseRemoteConfig */,
				9BE1676A2E001E1B00F98583 /* FirebaseStorage */,
				9BE16A672E00609200F98583 /* SPAlert */,
				9BE16A952E006ABF00F98583 /* Lottie */,
				9BE16A982E006DFE00F98583 /* DeviceKit */,
				9BE16A9B2E006EFB00F98583 /* SkeletonView */,
				9BE16AA42E008E4400F98583 /* KeychainSwift */,
				9BE16AAD2E0307E300F98583 /* Moya */,
				9BE16AC52E03093B00F98583 /* FirebaseAppCheck */,
			);
			productName = foldlybrowser;
			productReference = 9BE165B52DFF3A9800F98583 /* foldlybrowser.app */;
			productType = "com.apple.product-type.application";
		};
/* End PBXNativeTarget section */

/* Begin PBXProject section */
		9BE165AD2DFF3A9800F98583 /* Project object */ = {
			isa = PBXProject;
			attributes = {
				BuildIndependentTargetsInParallel = 1;
				LastSwiftUpdateCheck = 1640;
				LastUpgradeCheck = 1640;
				TargetAttributes = {
					9BE165B42DFF3A9800F98583 = {
						CreatedOnToolsVersion = 16.4;
					};
				};
			};
			buildConfigurationList = 9BE165B02DFF3A9800F98583 /* Build configuration list for PBXProject "foldlybrowser" */;
			developmentRegion = en;
			hasScannedForEncodings = 0;
			knownRegions = (
				en,
				Base,
			);
			mainGroup = 9BE165AC2DFF3A9800F98583;
			minimizedProjectReferenceProxies = 1;
			packageReferences = (
				9BE165D22DFF62DC00F98583 /* XCRemoteSwiftPackageReference "XCoordinator" */,
				9BE1674A2E00122D00F98583 /* XCRemoteSwiftPackageReference "SnapKit" */,
				9BE1674E2E0015A200F98583 /* XCRemoteSwiftPackageReference "ApphudSDK" */,
				9BE167512E00167B00F98583 /* XCRemoteSwiftPackageReference "AppsFlyerFramework" */,
				9BE167542E0017A500F98583 /* XCRemoteSwiftPackageReference "Amplitude-Swift" */,
				9BE167592E001E1A00F98583 /* XCRemoteSwiftPackageReference "firebase-ios-sdk" */,
				9BE16A662E00609200F98583 /* XCRemoteSwiftPackageReference "AlertKit" */,
				9BE16A942E006ABF00F98583 /* XCRemoteSwiftPackageReference "lottie-ios" */,
				9BE16A972E006DFE00F98583 /* XCRemoteSwiftPackageReference "DeviceKit" */,
				9BE16A9A2E006EFB00F98583 /* XCRemoteSwiftPackageReference "SkeletonView" */,
				9BE16AA32E008E4400F98583 /* XCRemoteSwiftPackageReference "keychain-swift" */,
				9BE16AAC2E0307E300F98583 /* XCRemoteSwiftPackageReference "Moya" */,
			);
			preferredProjectObjectVersion = 77;
			productRefGroup = 9BE165B62DFF3A9800F98583 /* Products */;
			projectDirPath = "";
			projectRoot = "";
			targets = (
				9BE165B42DFF3A9800F98583 /* foldlybrowser */,
			);
		};
/* End PBXProject section */

/* Begin PBXResourcesBuildPhase section */
		9BE165B32DFF3A9800F98583 /* Resources */ = {
			isa = PBXResourcesBuildPhase;
			buildActionMask = 2147483647;
			files = (
			);
			runOnlyForDeploymentPostprocessing = 0;
		};
/* End PBXResourcesBuildPhase section */

/* Begin PBXSourcesBuildPhase section */
		9BE165B12DFF3A9800F98583 /* Sources */ = {
			isa = PBXSourcesBuildPhase;
			buildActionMask = 2147483647;
			files = (
			);
			runOnlyForDeploymentPostprocessing = 0;
		};
/* End PBXSourcesBuildPhase section */

/* Begin XCBuildConfiguration section */
		9BE165C92DFF3A9900F98583 /* Debug */ = {
			isa = XCBuildConfiguration;
			buildSettings = {
				ASSETCATALOG_COMPILER_APPICON_NAME = AppIcon;
				ASSETCATALOG_COMPILER_GLOBAL_ACCENT_COLOR_NAME = AccentColor;
				CODE_SIGN_STYLE = Automatic;
				CURRENT_PROJECT_VERSION = 1;
				DEVELOPMENT_TEAM = VL8GJ7UDG5;
				GENERATE_INFOPLIST_FILE = YES;
				INFOPLIST_FILE = foldlybrowser/Info.plist;
				INFOPLIST_KEY_LSApplicationCategoryType = "public.app-category.utilities";
				INFOPLIST_KEY_UIApplicationSupportsIndirectInputEvents = YES;
				INFOPLIST_KEY_UILaunchStoryboardName = LaunchScreen;
				INFOPLIST_KEY_UISupportedInterfaceOrientations_iPad = "UIInterfaceOrientationPortrait UIInterfaceOrientationPortraitUpsideDown UIInterfaceOrientationLandscapeLeft UIInterfaceOrientationLandscapeRight";
				INFOPLIST_KEY_UISupportedInterfaceOrientations_iPhone = "UIInterfaceOrientationPortrait UIInterfaceOrientationLandscapeLeft UIInterfaceOrientationLandscapeRight";
				IPHONEOS_DEPLOYMENT_TARGET = 17.6;
				LD_RUNPATH_SEARCH_PATHS = (
					"$(inherited)",
					"@executable_path/Frameworks",
				);
				MARKETING_VERSION = 1.0.0;
				PRODUCT_BUNDLE_IDENTIFIER = com.tapticgroup.foldlybrowser;
				PRODUCT_NAME = "$(TARGET_NAME)";
				SUPPORTED_PLATFORMS = "iphoneos iphonesimulator";
				SUPPORTS_MACCATALYST = NO;
				SUPPORTS_MAC_DESIGNED_FOR_IPHONE_IPAD = NO;
				SUPPORTS_XR_DESIGNED_FOR_IPHONE_IPAD = NO;
				SWIFT_EMIT_LOC_STRINGS = YES;
				SWIFT_VERSION = 5.0;
				TARGETED_DEVICE_FAMILY = "1,2";
			};
			name = Debug;
		};
		9BE165CA2DFF3A9900F98583 /* Release */ = {
			isa = XCBuildConfiguration;
			buildSettings = {
				ASSETCATALOG_COMPILER_APPICON_NAME = AppIcon;
				ASSETCATALOG_COMPILER_GLOBAL_ACCENT_COLOR_NAME = AccentColor;
				CODE_SIGN_STYLE = Automatic;
				CURRENT_PROJECT_VERSION = 1;
				DEVELOPMENT_TEAM = VL8GJ7UDG5;
				GENERATE_INFOPLIST_FILE = YES;
				INFOPLIST_FILE = foldlybrowser/Info.plist;
				INFOPLIST_KEY_LSApplicationCategoryType = "public.app-category.utilities";
				INFOPLIST_KEY_UIApplicationSupportsIndirectInputEvents = YES;
				INFOPLIST_KEY_UILaunchStoryboardName = LaunchScreen;
				INFOPLIST_KEY_UISupportedInterfaceOrientations_iPad = "UIInterfaceOrientationPortrait UIInterfaceOrientationPortraitUpsideDown UIInterfaceOrientationLandscapeLeft UIInterfaceOrientationLandscapeRight";
				INFOPLIST_KEY_UISupportedInterfaceOrientations_iPhone = "UIInterfaceOrientationPortrait UIInterfaceOrientationLandscapeLeft UIInterfaceOrientationLandscapeRight";
				IPHONEOS_DEPLOYMENT_TARGET = 17.6;
				LD_RUNPATH_SEARCH_PATHS = (
					"$(inherited)",
					"@executable_path/Frameworks",
				);
				MARKETING_VERSION = 1.0.0;
				PRODUCT_BUNDLE_IDENTIFIER = com.tapticgroup.foldlybrowser;
				PRODUCT_NAME = "$(TARGET_NAME)";
				SUPPORTED_PLATFORMS = "iphoneos iphonesimulator";
				SUPPORTS_MACCATALYST = NO;
				SUPPORTS_MAC_DESIGNED_FOR_IPHONE_IPAD = NO;
				SUPPORTS_XR_DESIGNED_FOR_IPHONE_IPAD = NO;
				SWIFT_EMIT_LOC_STRINGS = YES;
				SWIFT_VERSION = 5.0;
				TARGETED_DEVICE_FAMILY = "1,2";
			};
			name = Release;
		};
		9BE165CB2DFF3A9900F98583 /* Debug */ = {
			isa = XCBuildConfiguration;
			buildSettings = {
				ALWAYS_SEARCH_USER_PATHS = NO;
				ASSETCATALOG_COMPILER_GENERATE_SWIFT_ASSET_SYMBOL_EXTENSIONS = YES;
				CLANG_ANALYZER_NONNULL = YES;
				CLANG_ANALYZER_NUMBER_OBJECT_CONVERSION = YES_AGGRESSIVE;
				CLANG_CXX_LANGUAGE_STANDARD = "gnu++20";
				CLANG_ENABLE_MODULES = YES;
				CLANG_ENABLE_OBJC_ARC = YES;
				CLANG_ENABLE_OBJC_WEAK = YES;
				CLANG_WARN_BLOCK_CAPTURE_AUTORELEASING = YES;
				CLANG_WARN_BOOL_CONVERSION = YES;
				CLANG_WARN_COMMA = YES;
				CLANG_WARN_CONSTANT_CONVERSION = YES;
				CLANG_WARN_DEPRECATED_OBJC_IMPLEMENTATIONS = YES;
				CLANG_WARN_DIRECT_OBJC_ISA_USAGE = YES_ERROR;
				CLANG_WARN_DOCUMENTATION_COMMENTS = YES;
				CLANG_WARN_EMPTY_BODY = YES;
				CLANG_WARN_ENUM_CONVERSION = YES;
				CLANG_WARN_INFINITE_RECURSION = YES;
				CLANG_WARN_INT_CONVERSION = YES;
				CLANG_WARN_NON_LITERAL_NULL_CONVERSION = YES;
				CLANG_WARN_OBJC_IMPLICIT_RETAIN_SELF = YES;
				CLANG_WARN_OBJC_LITERAL_CONVERSION = YES;
				CLANG_WARN_OBJC_ROOT_CLASS = YES_ERROR;
				CLANG_WARN_QUOTED_INCLUDE_IN_FRAMEWORK_HEADER = YES;
				CLANG_WARN_RANGE_LOOP_ANALYSIS = YES;
				CLANG_WARN_STRICT_PROTOTYPES = YES;
				CLANG_WARN_SUSPICIOUS_MOVE = YES;
				CLANG_WARN_UNGUARDED_AVAILABILITY = YES_AGGRESSIVE;
				CLANG_WARN_UNREACHABLE_CODE = YES;
				CLANG_WARN__DUPLICATE_METHOD_MATCH = YES;
				COPY_PHASE_STRIP = NO;
				DEBUG_INFORMATION_FORMAT = dwarf;
				DEVELOPMENT_TEAM = VL8GJ7UDG5;
				ENABLE_STRICT_OBJC_MSGSEND = YES;
				ENABLE_TESTABILITY = YES;
				ENABLE_USER_SCRIPT_SANDBOXING = YES;
				GCC_C_LANGUAGE_STANDARD = gnu17;
				GCC_DYNAMIC_NO_PIC = NO;
				GCC_NO_COMMON_BLOCKS = YES;
				GCC_OPTIMIZATION_LEVEL = 0;
				GCC_PREPROCESSOR_DEFINITIONS = (
					"DEBUG=1",
					"$(inherited)",
				);
				GCC_WARN_64_TO_32_BIT_CONVERSION = YES;
				GCC_WARN_ABOUT_RETURN_TYPE = YES_ERROR;
				GCC_WARN_UNDECLARED_SELECTOR = YES;
				GCC_WARN_UNINITIALIZED_AUTOS = YES_AGGRESSIVE;
				GCC_WARN_UNUSED_FUNCTION = YES;
				GCC_WARN_UNUSED_VARIABLE = YES;
				IPHONEOS_DEPLOYMENT_TARGET = 18.5;
				LOCALIZATION_PREFERS_STRING_CATALOGS = YES;
				MTL_ENABLE_DEBUG_INFO = INCLUDE_SOURCE;
				MTL_FAST_MATH = YES;
				ONLY_ACTIVE_ARCH = YES;
				SDKROOT = iphoneos;
				SWIFT_ACTIVE_COMPILATION_CONDITIONS = "DEBUG $(inherited)";
				SWIFT_OPTIMIZATION_LEVEL = "-Onone";
			};
			name = Debug;
		};
		9BE165CC2DFF3A9900F98583 /* Release */ = {
			isa = XCBuildConfiguration;
			buildSettings = {
				ALWAYS_SEARCH_USER_PATHS = NO;
				ASSETCATALOG_COMPILER_GENERATE_SWIFT_ASSET_SYMBOL_EXTENSIONS = YES;
				CLANG_ANALYZER_NONNULL = YES;
				CLANG_ANALYZER_NUMBER_OBJECT_CONVERSION = YES_AGGRESSIVE;
				CLANG_CXX_LANGUAGE_STANDARD = "gnu++20";
				CLANG_ENABLE_MODULES = YES;
				CLANG_ENABLE_OBJC_ARC = YES;
				CLANG_ENABLE_OBJC_WEAK = YES;
				CLANG_WARN_BLOCK_CAPTURE_AUTORELEASING = YES;
				CLANG_WARN_BOOL_CONVERSION = YES;
				CLANG_WARN_COMMA = YES;
				CLANG_WARN_CONSTANT_CONVERSION = YES;
				CLANG_WARN_DEPRECATED_OBJC_IMPLEMENTATIONS = YES;
				CLANG_WARN_DIRECT_OBJC_ISA_USAGE = YES_ERROR;
				CLANG_WARN_DOCUMENTATION_COMMENTS = YES;
				CLANG_WARN_EMPTY_BODY = YES;
				CLANG_WARN_ENUM_CONVERSION = YES;
				CLANG_WARN_INFINITE_RECURSION = YES;
				CLANG_WARN_INT_CONVERSION = YES;
				CLANG_WARN_NON_LITERAL_NULL_CONVERSION = YES;
				CLANG_WARN_OBJC_IMPLICIT_RETAIN_SELF = YES;
				CLANG_WARN_OBJC_LITERAL_CONVERSION = YES;
				CLANG_WARN_OBJC_ROOT_CLASS = YES_ERROR;
				CLANG_WARN_QUOTED_INCLUDE_IN_FRAMEWORK_HEADER = YES;
				CLANG_WARN_RANGE_LOOP_ANALYSIS = YES;
				CLANG_WARN_STRICT_PROTOTYPES = YES;
				CLANG_WARN_SUSPICIOUS_MOVE = YES;
				CLANG_WARN_UNGUARDED_AVAILABILITY = YES_AGGRESSIVE;
				CLANG_WARN_UNREACHABLE_CODE = YES;
				CLANG_WARN__DUPLICATE_METHOD_MATCH = YES;
				COPY_PHASE_STRIP = NO;
				DEBUG_INFORMATION_FORMAT = "dwarf-with-dsym";
				DEVELOPMENT_TEAM = VL8GJ7UDG5;
				ENABLE_NS_ASSERTIONS = NO;
				ENABLE_STRICT_OBJC_MSGSEND = YES;
				ENABLE_USER_SCRIPT_SANDBOXING = YES;
				GCC_C_LANGUAGE_STANDARD = gnu17;
				GCC_NO_COMMON_BLOCKS = YES;
				GCC_WARN_64_TO_32_BIT_CONVERSION = YES;
				GCC_WARN_ABOUT_RETURN_TYPE = YES_ERROR;
				GCC_WARN_UNDECLARED_SELECTOR = YES;
				GCC_WARN_UNINITIALIZED_AUTOS = YES_AGGRESSIVE;
				GCC_WARN_UNUSED_FUNCTION = YES;
				GCC_WARN_UNUSED_VARIABLE = YES;
				IPHONEOS_DEPLOYMENT_TARGET = 18.5;
				LOCALIZATION_PREFERS_STRING_CATALOGS = YES;
				MTL_ENABLE_DEBUG_INFO = NO;
				MTL_FAST_MATH = YES;
				SDKROOT = iphoneos;
				SWIFT_COMPILATION_MODE = wholemodule;
				VALIDATE_PRODUCT = YES;
			};
			name = Release;
		};
/* End XCBuildConfiguration section */

/* Begin XCConfigurationList section */
		9BE165B02DFF3A9800F98583 /* Build configuration list for PBXProject "foldlybrowser" */ = {
			isa = XCConfigurationList;
			buildConfigurations = (
				9BE165CB2DFF3A9900F98583 /* Debug */,
				9BE165CC2DFF3A9900F98583 /* Release */,
			);
			defaultConfigurationIsVisible = 0;
			defaultConfigurationName = Release;
		};
		9BE165C82DFF3A9900F98583 /* Build configuration list for PBXNativeTarget "foldlybrowser" */ = {
			isa = XCConfigurationList;
			buildConfigurations = (
				9BE165C92DFF3A9900F98583 /* Debug */,
				9BE165CA2DFF3A9900F98583 /* Release */,
			);
			defaultConfigurationIsVisible = 0;
			defaultConfigurationName = Release;
		};
/* End XCConfigurationList section */

/* Begin XCRemoteSwiftPackageReference section */
		9BE165D22DFF62DC00F98583 /* XCRemoteSwiftPackageReference "XCoordinator" */ = {
			isa = XCRemoteSwiftPackageReference;
			repositoryURL = "https://github.com/QuickBirdEng/XCoordinator";
			requirement = {
				kind = upToNextMajorVersion;
				minimumVersion = 2.2.1;
			};
		};
		9BE1674A2E00122D00F98583 /* XCRemoteSwiftPackageReference "SnapKit" */ = {
			isa = XCRemoteSwiftPackageReference;
			repositoryURL = "https://github.com/SnapKit/SnapKit";
			requirement = {
				kind = upToNextMajorVersion;
				minimumVersion = 5.7.1;
			};
		};
		9BE1674E2E0015A200F98583 /* XCRemoteSwiftPackageReference "ApphudSDK" */ = {
			isa = XCRemoteSwiftPackageReference;
			repositoryURL = "https://github.com/apphud/ApphudSDK";
			requirement = {
				kind = upToNextMajorVersion;
				minimumVersion = 3.6.2;
			};
		};
		9BE167512E00167B00F98583 /* XCRemoteSwiftPackageReference "AppsFlyerFramework" */ = {
			isa = XCRemoteSwiftPackageReference;
			repositoryURL = "https://github.com/AppsFlyerSDK/AppsFlyerFramework";
			requirement = {
				kind = upToNextMajorVersion;
				minimumVersion = 6.17.0;
			};
		};
		9BE167542E0017A500F98583 /* XCRemoteSwiftPackageReference "Amplitude-Swift" */ = {
			isa = XCRemoteSwiftPackageReference;
			repositoryURL = "https://github.com/amplitude/Amplitude-Swift";
			requirement = {
				kind = upToNextMajorVersion;
				minimumVersion = 1.0.0;
			};
		};
		9BE167592E001E1A00F98583 /* XCRemoteSwiftPackageReference "firebase-ios-sdk" */ = {
			isa = XCRemoteSwiftPackageReference;
			repositoryURL = "https://github.com/firebase/firebase-ios-sdk";
			requirement = {
				kind = upToNextMajorVersion;
				minimumVersion = 11.14.0;
			};
		};
		9BE16A662E00609200F98583 /* XCRemoteSwiftPackageReference "AlertKit" */ = {
			isa = XCRemoteSwiftPackageReference;
			repositoryURL = "https://github.com/sparrowcode/AlertKit";
			requirement = {
				kind = exactVersion;
				version = 4.2.0;
			};
		};
		9BE16A942E006ABF00F98583 /* XCRemoteSwiftPackageReference "lottie-ios" */ = {
			isa = XCRemoteSwiftPackageReference;
			repositoryURL = "https://github.com/airbnb/lottie-ios";
			requirement = {
				kind = upToNextMajorVersion;
				minimumVersion = 4.5.2;
			};
		};
		9BE16A972E006DFE00F98583 /* XCRemoteSwiftPackageReference "DeviceKit" */ = {
			isa = XCRemoteSwiftPackageReference;
			repositoryURL = "https://github.com/devicekit/DeviceKit";
			requirement = {
				kind = upToNextMajorVersion;
				minimumVersion = 5.6.0;
			};
		};
		9BE16A9A2E006EFB00F98583 /* XCRemoteSwiftPackageReference "SkeletonView" */ = {
			isa = XCRemoteSwiftPackageReference;
			repositoryURL = "https://github.com/Juanpe/SkeletonView";
			requirement = {
				kind = upToNextMajorVersion;
				minimumVersion = 1.31.0;
			};
		};
		9BE16AA32E008E4400F98583 /* XCRemoteSwiftPackageReference "keychain-swift" */ = {
			isa = XCRemoteSwiftPackageReference;
			repositoryURL = "https://github.com/evgenyneu/keychain-swift";
			requirement = {
				kind = upToNextMajorVersion;
				minimumVersion = 24.0.0;
			};
		};
		9BE16AAC2E0307E300F98583 /* XCRemoteSwiftPackageReference "Moya" */ = {
			isa = XCRemoteSwiftPackageReference;
			repositoryURL = "https://github.com/Moya/Moya";
			requirement = {
				kind = upToNextMajorVersion;
				minimumVersion = 15.0.3;
			};
		};
/* End XCRemoteSwiftPackageReference section */

/* Begin XCSwiftPackageProductDependency section */
		9BE165D32DFF62DC00F98583 /* XCoordinator */ = {
			isa = XCSwiftPackageProductDependency;
			package = 9BE165D22DFF62DC00F98583 /* XCRemoteSwiftPackageReference "XCoordinator" */;
			productName = XCoordinator;
		};
		9BE1674B2E00122D00F98583 /* SnapKit */ = {
			isa = XCSwiftPackageProductDependency;
			package = 9BE1674A2E00122D00F98583 /* XCRemoteSwiftPackageReference "SnapKit" */;
			productName = SnapKit;
		};
		9BE1674F2E0015A200F98583 /* ApphudSDK */ = {
			isa = XCSwiftPackageProductDependency;
			package = 9BE1674E2E0015A200F98583 /* XCRemoteSwiftPackageReference "ApphudSDK" */;
			productName = ApphudSDK;
		};
		9BE167522E00167B00F98583 /* AppsFlyerLib */ = {
			isa = XCSwiftPackageProductDependency;
			package = 9BE167512E00167B00F98583 /* XCRemoteSwiftPackageReference "AppsFlyerFramework" */;
			productName = AppsFlyerLib;
		};
		9BE167552E0017A500F98583 /* AmplitudeSwift */ = {
			isa = XCSwiftPackageProductDependency;
			package = 9BE167542E0017A500F98583 /* XCRemoteSwiftPackageReference "Amplitude-Swift" */;
			productName = AmplitudeSwift;
		};
		9BE1675A2E001E1B00F98583 /* FirebaseAnalytics */ = {
			isa = XCSwiftPackageProductDependency;
			package = 9BE167592E001E1A00F98583 /* XCRemoteSwiftPackageReference "firebase-ios-sdk" */;
			productName = FirebaseAnalytics;
		};
		9BE1675C2E001E1B00F98583 /* FirebaseAnalyticsCore */ = {
			isa = XCSwiftPackageProductDependency;
			package = 9BE167592E001E1A00F98583 /* XCRemoteSwiftPackageReference "firebase-ios-sdk" */;
			productName = FirebaseAnalyticsCore;
		};
		9BE1675E2E001E1B00F98583 /* FirebaseAnalyticsOnDeviceConversion */ = {
			isa = XCSwiftPackageProductDependency;
			package = 9BE167592E001E1A00F98583 /* XCRemoteSwiftPackageReference "firebase-ios-sdk" */;
			productName = FirebaseAnalyticsOnDeviceConversion;
		};
		9BE167602E001E1B00F98583 /* FirebaseCore */ = {
			isa = XCSwiftPackageProductDependency;
			package = 9BE167592E001E1A00F98583 /* XCRemoteSwiftPackageReference "firebase-ios-sdk" */;
			productName = FirebaseCore;
		};
		9BE167622E001E1B00F98583 /* FirebaseCrashlytics */ = {
			isa = XCSwiftPackageProductDependency;
			package = 9BE167592E001E1A00F98583 /* XCRemoteSwiftPackageReference "firebase-ios-sdk" */;
			productName = FirebaseCrashlytics;
		};
		9BE167642E001E1B00F98583 /* FirebaseDatabase */ = {
			isa = XCSwiftPackageProductDependency;
			package = 9BE167592E001E1A00F98583 /* XCRemoteSwiftPackageReference "firebase-ios-sdk" */;
			productName = FirebaseDatabase;
		};
		9BE167662E001E1B00F98583 /* FirebaseMessaging */ = {
			isa = XCSwiftPackageProductDependency;
			package = 9BE167592E001E1A00F98583 /* XCRemoteSwiftPackageReference "firebase-ios-sdk" */;
			productName = FirebaseMessaging;
		};
		9BE167682E001E1B00F98583 /* FirebaseRemoteConfig */ = {
			isa = XCSwiftPackageProductDependency;
			package = 9BE167592E001E1A00F98583 /* XCRemoteSwiftPackageReference "firebase-ios-sdk" */;
			productName = FirebaseRemoteConfig;
		};
		9BE1676A2E001E1B00F98583 /* FirebaseStorage */ = {
			isa = XCSwiftPackageProductDependency;
			package = 9BE167592E001E1A00F98583 /* XCRemoteSwiftPackageReference "firebase-ios-sdk" */;
			productName = FirebaseStorage;
		};
		9BE16A672E00609200F98583 /* SPAlert */ = {
			isa = XCSwiftPackageProductDependency;
			package = 9BE16A662E00609200F98583 /* XCRemoteSwiftPackageReference "AlertKit" */;
			productName = SPAlert;
		};
		9BE16A952E006ABF00F98583 /* Lottie */ = {
			isa = XCSwiftPackageProductDependency;
			package = 9BE16A942E006ABF00F98583 /* XCRemoteSwiftPackageReference "lottie-ios" */;
			productName = Lottie;
		};
		9BE16A982E006DFE00F98583 /* DeviceKit */ = {
			isa = XCSwiftPackageProductDependency;
			package = 9BE16A972E006DFE00F98583 /* XCRemoteSwiftPackageReference "DeviceKit" */;
			productName = DeviceKit;
		};
		9BE16A9B2E006EFB00F98583 /* SkeletonView */ = {
			isa = XCSwiftPackageProductDependency;
			package = 9BE16A9A2E006EFB00F98583 /* XCRemoteSwiftPackageReference "SkeletonView" */;
			productName = SkeletonView;
		};
		9BE16AA42E008E4400F98583 /* KeychainSwift */ = {
			isa = XCSwiftPackageProductDependency;
			package = 9BE16AA32E008E4400F98583 /* XCRemoteSwiftPackageReference "keychain-swift" */;
			productName = KeychainSwift;
		};
		9BE16AAD2E0307E300F98583 /* Moya */ = {
			isa = XCSwiftPackageProductDependency;
			package = 9BE16AAC2E0307E300F98583 /* XCRemoteSwiftPackageReference "Moya" */;
			productName = Moya;
		};
		9BE16AC52E03093B00F98583 /* FirebaseAppCheck */ = {
			isa = XCSwiftPackageProductDependency;
			package = 9BE167592E001E1A00F98583 /* XCRemoteSwiftPackageReference "firebase-ios-sdk" */;
			productName = FirebaseAppCheck;
		};
/* End XCSwiftPackageProductDependency section */
	};
	rootObject = 9BE165AD2DFF3A9800F98583 /* Project object */;
}
